
Microsoft Visual Studio Solution File, Format Version 12.00
# Visual Studio Version 17
VisualStudioVersion = 17.7.34031.279
MinimumVisualStudioVersion = 10.0.40219.1
Project("{FAE04EC0-301F-11D3-BF4B-00C04F79EFBC}") = "3. Declaration Of Varibles", "3. Declaration Of Varibles.csproj", "{2127CEF2-60CC-4D38-A177-F7E58F020B0E}"
EndProject
Global
	GlobalSection(SolutionConfigurationPlatforms) = preSolution
		Debug|Any CPU = Debug|Any CPU
		Release|Any CPU = Release|Any CPU
	EndGlobalSection
	GlobalSection(ProjectConfigurationPlatforms) = postSolution
		{2127CEF2-60CC-4D38-A177-F7E58F020B0E}.Debug|Any CPU.ActiveCfg = Debug|Any CPU
		{2127CEF2-60CC-4D38-A177-F7E58F020B0E}.Debug|Any CPU.Build.0 = Debug|Any CPU
		{2127CEF2-60CC-4D38-A177-F7E58F020B0E}.Release|Any CPU.ActiveCfg = Release|Any CPU
		{2127CEF2-60CC-4D38-A177-F7E58F020B0E}.Release|Any CPU.Build.0 = Release|Any CPU
	EndGlobalSection
	GlobalSection(SolutionProperties) = preSolution
		HideSolutionNode = FALSE
	EndGlobalSection
	GlobalSection(ExtensibilityGlobals) = postSolution
		SolutionGuid = {C1199561-352A-43C0-8A44-3ACE46AFE277}
	EndGlobalSection
EndGlobal
